// !$*UTF8*$!
{
	archiveVersion = 1;
	classes = {
	};
	objectVersion = 56;
	objects = {

/* Begin PBXBuildFile section */
		31B8F07522BD044FC6F0C0CF /* Pods_PracticeSwift.framework in Frameworks */ = {isa = PBXBuildFile; fileRef = 77C1947A08ADD13AE46B968E /* Pods_PracticeSwift.framework */; };
		CB0D2FB52A593F5500B18C93 /* Singleton.storyboard in Resources */ = {isa = PBXBuildFile; fileRef = CB0D2FB42A593F5500B18C93 /* Singleton.storyboard */; };
		CB0D2FB72A593F6000B18C93 /* SingletonViewController.swift in Sources */ = {isa = PBXBuildFile; fileRef = CB0D2FB62A593F6000B18C93 /* SingletonViewController.swift */; };
		CB0D2FBA2A5948A000B18C93 /* BuilderPatternViewController.swift in Sources */ = {isa = PBXBuildFile; fileRef = CB0D2FB92A5948A000B18C93 /* BuilderPatternViewController.swift */; };
		CB0D2FBE2A594A2C00B18C93 /* BuilderPattern.storyboard in Resources */ = {isa = PBXBuildFile; fileRef = CB0D2FBD2A594A2C00B18C93 /* BuilderPattern.storyboard */; };
		CB0D2FC12A5A8F8600B18C93 /* QuickHelp.storyboard in Resources */ = {isa = PBXBuildFile; fileRef = CB0D2FC02A5A8F8600B18C93 /* QuickHelp.storyboard */; };
		CB0D2FC32A5A8F9100B18C93 /* QuickHelpViewController.swift in Sources */ = {isa = PBXBuildFile; fileRef = CB0D2FC22A5A8F9100B18C93 /* QuickHelpViewController.swift */; };
		CB0D2FC62A5BD5BE00B18C93 /* Dependency.storyboard in Resources */ = {isa = PBXBuildFile; fileRef = CB0D2FC52A5BD5BE00B18C93 /* Dependency.storyboard */; };
		CB0D2FC82A5BD5CB00B18C93 /* DependencyViewController.swift in Sources */ = {isa = PBXBuildFile; fileRef = CB0D2FC72A5BD5CB00B18C93 /* DependencyViewController.swift */; };
		CB0D2FD02A613CB000B18C93 /* Async.storyboard in Resources */ = {isa = PBXBuildFile; fileRef = CB0D2FCF2A613CB000B18C93 /* Async.storyboard */; };
		CB0D2FD22A613CBA00B18C93 /* AsyncViewController.swift in Sources */ = {isa = PBXBuildFile; fileRef = CB0D2FD12A613CBA00B18C93 /* AsyncViewController.swift */; };
		CB0D2FD52A6277C600B18C93 /* CompletionHandler.storyboard in Resources */ = {isa = PBXBuildFile; fileRef = CB0D2FD42A6277C600B18C93 /* CompletionHandler.storyboard */; };
		CB0D2FD72A6277D100B18C93 /* CompletionViewController.swift in Sources */ = {isa = PBXBuildFile; fileRef = CB0D2FD62A6277D100B18C93 /* CompletionViewController.swift */; };
		CB0D2FDA2A641CF300B18C93 /* PickerView.storyboard in Resources */ = {isa = PBXBuildFile; fileRef = CB0D2FD92A641CF300B18C93 /* PickerView.storyboard */; };
		CB0D2FDC2A641CFB00B18C93 /* PickerViewController.swift in Sources */ = {isa = PBXBuildFile; fileRef = CB0D2FDB2A641CFB00B18C93 /* PickerViewController.swift */; };
		CBA63C362A4FFFAE00DD771B /* Alamofire.storyboard in Resources */ = {isa = PBXBuildFile; fileRef = CBA63C352A4FFFAE00DD771B /* Alamofire.storyboard */; };
		CBA63C392A4FFFCA00DD771B /* AlamofireViewController.swift in Sources */ = {isa = PBXBuildFile; fileRef = CBA63C382A4FFFCA00DD771B /* AlamofireViewController.swift */; };
		CBA63C3B2A50016A00DD771B /* AlamofireRequest.swift in Sources */ = {isa = PBXBuildFile; fileRef = CBA63C3A2A50016A00DD771B /* AlamofireRequest.swift */; };
		CBA63C3D2A50017E00DD771B /* AlamofireResponse.swift in Sources */ = {isa = PBXBuildFile; fileRef = CBA63C3C2A50017E00DD771B /* AlamofireResponse.swift */; };
		CBA63C402A50217000DD771B /* Alert.storyboard in Resources */ = {isa = PBXBuildFile; fileRef = CBA63C3F2A50217000DD771B /* Alert.storyboard */; };
		CBA63C422A50217800DD771B /* AlertViewController.swift in Sources */ = {isa = PBXBuildFile; fileRef = CBA63C412A50217800DD771B /* AlertViewController.swift */; };
		CBA63C452A515F2C00DD771B /* MVVM.storyboard in Resources */ = {isa = PBXBuildFile; fileRef = CBA63C442A515F2C00DD771B /* MVVM.storyboard */; };
		CBA63C472A515F4500DD771B /* UserProfileViewController.swift in Sources */ = {isa = PBXBuildFile; fileRef = CBA63C462A515F4500DD771B /* UserProfileViewController.swift */; };
		CBA63C492A515F5200DD771B /* User.swift in Sources */ = {isa = PBXBuildFile; fileRef = CBA63C482A515F5200DD771B /* User.swift */; };
		CBA63C4B2A515F6000DD771B /* UserViewModel.swift in Sources */ = {isa = PBXBuildFile; fileRef = CBA63C4A2A515F6000DD771B /* UserViewModel.swift */; };
		CBA63C4E2A516A7000DD771B /* MVC.storyboard in Resources */ = {isa = PBXBuildFile; fileRef = CBA63C4D2A516A7000DD771B /* MVC.storyboard */; };
		CBA63C502A516B7B00DD771B /* MVC_User.swift in Sources */ = {isa = PBXBuildFile; fileRef = CBA63C4F2A516B7B00DD771B /* MVC_User.swift */; };
		CBA63C522A516BBA00DD771B /* MVC_UserProfileViewController.swift in Sources */ = {isa = PBXBuildFile; fileRef = CBA63C512A516BBA00DD771B /* MVC_UserProfileViewController.swift */; };
		CBA63C542A516C7C00DD771B /* MVC_UserProfileController.swift in Sources */ = {isa = PBXBuildFile; fileRef = CBA63C532A516C7C00DD771B /* MVC_UserProfileController.swift */; };
		CBA63C582A55A84300DD771B /* MVP.storyboard in Resources */ = {isa = PBXBuildFile; fileRef = CBA63C572A55A84200DD771B /* MVP.storyboard */; };
		CBA63C5A2A55A85400DD771B /* MVP_User.swift in Sources */ = {isa = PBXBuildFile; fileRef = CBA63C592A55A85400DD771B /* MVP_User.swift */; };
		CBA63C5C2A55A86900DD771B /* MVP_UserProfileView.swift in Sources */ = {isa = PBXBuildFile; fileRef = CBA63C5B2A55A86900DD771B /* MVP_UserProfileView.swift */; };
		CBA63C5E2A55A87F00DD771B /* MVP_UserProfilePresenter.swift in Sources */ = {isa = PBXBuildFile; fileRef = CBA63C5D2A55A87F00DD771B /* MVP_UserProfilePresenter.swift */; };
		CBA63C602A55A89700DD771B /* MVP_UserProfileViewController.swift in Sources */ = {isa = PBXBuildFile; fileRef = CBA63C5F2A55A89700DD771B /* MVP_UserProfileViewController.swift */; };
		CBF59E2B2A41A2AB00B12F82 /* AppDelegate.swift in Sources */ = {isa = PBXBuildFile; fileRef = CBF59E2A2A41A2AB00B12F82 /* AppDelegate.swift */; };
		CBF59E2D2A41A2AB00B12F82 /* SceneDelegate.swift in Sources */ = {isa = PBXBuildFile; fileRef = CBF59E2C2A41A2AB00B12F82 /* SceneDelegate.swift */; };
		CBF59E2F2A41A2AB00B12F82 /* ChatViewController.swift in Sources */ = {isa = PBXBuildFile; fileRef = CBF59E2E2A41A2AB00B12F82 /* ChatViewController.swift */; };
		CBF59E322A41A2AB00B12F82 /* Main.storyboard in Resources */ = {isa = PBXBuildFile; fileRef = CBF59E302A41A2AB00B12F82 /* Main.storyboard */; };
		CBF59E342A41A2AC00B12F82 /* Assets.xcassets in Resources */ = {isa = PBXBuildFile; fileRef = CBF59E332A41A2AC00B12F82 /* Assets.xcassets */; };
		CBF59E372A41A2AC00B12F82 /* LaunchScreen.storyboard in Resources */ = {isa = PBXBuildFile; fileRef = CBF59E352A41A2AC00B12F82 /* LaunchScreen.storyboard */; };
		CBF59E3F2A41A91C00B12F82 /* SocketIOManager.swift in Sources */ = {isa = PBXBuildFile; fileRef = CBF59E3E2A41A91C00B12F82 /* SocketIOManager.swift */; };
		CBF59E432A42F70900B12F82 /* MyMessageCell.swift in Sources */ = {isa = PBXBuildFile; fileRef = CBF59E422A42F70900B12F82 /* MyMessageCell.swift */; };
		CBF59E452A430F8A00B12F82 /* OtherMessageCell.swift in Sources */ = {isa = PBXBuildFile; fileRef = CBF59E442A430F8A00B12F82 /* OtherMessageCell.swift */; };
		CBF59E492A44111D00B12F82 /* Storyboard.storyboard in Resources */ = {isa = PBXBuildFile; fileRef = CBF59E482A44111D00B12F82 /* Storyboard.storyboard */; };
		CBF59E4B2A44146600B12F82 /* ChangeViewController.swift in Sources */ = {isa = PBXBuildFile; fileRef = CBF59E4A2A44146600B12F82 /* ChangeViewController.swift */; };
		CBF59E4D2A45554F00B12F82 /* OtherViewController.swift in Sources */ = {isa = PBXBuildFile; fileRef = CBF59E4C2A45554F00B12F82 /* OtherViewController.swift */; };
		CBF59E502A455A7600B12F82 /* Navigation.storyboard in Resources */ = {isa = PBXBuildFile; fileRef = CBF59E4F2A455A7600B12F82 /* Navigation.storyboard */; };
		CBF59E522A455E1800B12F82 /* MainViewController.swift in Sources */ = {isa = PBXBuildFile; fileRef = CBF59E512A455E1800B12F82 /* MainViewController.swift */; };
		CBF59E582A47364F00B12F82 /* TableView.storyboard in Resources */ = {isa = PBXBuildFile; fileRef = CBF59E572A47364F00B12F82 /* TableView.storyboard */; };
		CBF59E5C2A47369100B12F82 /* TableViewCell.swift in Sources */ = {isa = PBXBuildFile; fileRef = CBF59E5B2A47369100B12F82 /* TableViewCell.swift */; };
		CBF59E5E2A49C94700B12F82 /* TableViewController.swift in Sources */ = {isa = PBXBuildFile; fileRef = CBF59E5D2A49C94700B12F82 /* TableViewController.swift */; };
		CBF59E612A4C078900B12F82 /* ScrollView.storyboard in Resources */ = {isa = PBXBuildFile; fileRef = CBF59E602A4C078900B12F82 /* ScrollView.storyboard */; };
		CBF59E632A4C079A00B12F82 /* ScrollViewController.swift in Sources */ = {isa = PBXBuildFile; fileRef = CBF59E622A4C079A00B12F82 /* ScrollViewController.swift */; };
		CBF59E652A4C33B900B12F82 /* OptionalViewController.swift in Sources */ = {isa = PBXBuildFile; fileRef = CBF59E642A4C33B900B12F82 /* OptionalViewController.swift */; };
		CBF59E692A4EA40D00B12F82 /* URLSessionAPI.storyboard in Resources */ = {isa = PBXBuildFile; fileRef = CBF59E682A4EA40D00B12F82 /* URLSessionAPI.storyboard */; };
		CBF59E6F2A4EABD800B12F82 /* ApiViewController.swift in Sources */ = {isa = PBXBuildFile; fileRef = CBF59E6E2A4EABD800B12F82 /* ApiViewController.swift */; };
/* End PBXBuildFile section */

/* Begin PBXFileReference section */
		66D67B2E974E3060DD1BAAA3 /* Pods-PracticeSwift.debug.xcconfig */ = {isa = PBXFileReference; includeInIndex = 1; lastKnownFileType = text.xcconfig; name = "Pods-PracticeSwift.debug.xcconfig"; path = "Target Support Files/Pods-PracticeSwift/Pods-PracticeSwift.debug.xcconfig"; sourceTree = "<group>"; };
		77C1947A08ADD13AE46B968E /* Pods_PracticeSwift.framework */ = {isa = PBXFileReference; explicitFileType = wrapper.framework; includeInIndex = 0; path = Pods_PracticeSwift.framework; sourceTree = BUILT_PRODUCTS_DIR; };
		CB0D2FB42A593F5500B18C93 /* Singleton.storyboard */ = {isa = PBXFileReference; lastKnownFileType = file.storyboard; path = Singleton.storyboard; sourceTree = "<group>"; };
		CB0D2FB62A593F6000B18C93 /* SingletonViewController.swift */ = {isa = PBXFileReference; lastKnownFileType = sourcecode.swift; path = SingletonViewController.swift; sourceTree = "<group>"; };
		CB0D2FB92A5948A000B18C93 /* BuilderPatternViewController.swift */ = {isa = PBXFileReference; lastKnownFileType = sourcecode.swift; path = BuilderPatternViewController.swift; sourceTree = "<group>"; };
		CB0D2FBD2A594A2C00B18C93 /* BuilderPattern.storyboard */ = {isa = PBXFileReference; lastKnownFileType = file.storyboard; path = BuilderPattern.storyboard; sourceTree = "<group>"; };
		CB0D2FC02A5A8F8600B18C93 /* QuickHelp.storyboard */ = {isa = PBXFileReference; lastKnownFileType = file.storyboard; path = QuickHelp.storyboard; sourceTree = "<group>"; };
		CB0D2FC22A5A8F9100B18C93 /* QuickHelpViewController.swift */ = {isa = PBXFileReference; lastKnownFileType = sourcecode.swift; path = QuickHelpViewController.swift; sourceTree = "<group>"; };
		CB0D2FC52A5BD5BE00B18C93 /* Dependency.storyboard */ = {isa = PBXFileReference; lastKnownFileType = file.storyboard; path = Dependency.storyboard; sourceTree = "<group>"; };
		CB0D2FC72A5BD5CB00B18C93 /* DependencyViewController.swift */ = {isa = PBXFileReference; lastKnownFileType = sourcecode.swift; path = DependencyViewController.swift; sourceTree = "<group>"; };
		CB0D2FC92A5BD97E00B18C93 /* Dependency.playground */ = {isa = PBXFileReference; lastKnownFileType = file.playground; path = Dependency.playground; sourceTree = "<group>"; xcLanguageSpecificationIdentifier = xcode.lang.swift; };
		CB0D2FCB2A5D381400B18C93 /* HigherOrderFunction.playground */ = {isa = PBXFileReference; lastKnownFileType = file.playground; path = HigherOrderFunction.playground; sourceTree = "<group>"; xcLanguageSpecificationIdentifier = xcode.lang.swift; };
		CB0D2FCD2A5FF51900B18C93 /* Sort.playground */ = {isa = PBXFileReference; lastKnownFileType = file.playground; path = Sort.playground; sourceTree = "<group>"; xcLanguageSpecificationIdentifier = xcode.lang.swift; };
		CB0D2FCF2A613CB000B18C93 /* Async.storyboard */ = {isa = PBXFileReference; lastKnownFileType = file.storyboard; path = Async.storyboard; sourceTree = "<group>"; };
		CB0D2FD12A613CBA00B18C93 /* AsyncViewController.swift */ = {isa = PBXFileReference; lastKnownFileType = sourcecode.swift; path = AsyncViewController.swift; sourceTree = "<group>"; };
		CB0D2FD42A6277C600B18C93 /* CompletionHandler.storyboard */ = {isa = PBXFileReference; lastKnownFileType = file.storyboard; path = CompletionHandler.storyboard; sourceTree = "<group>"; };
		CB0D2FD62A6277D100B18C93 /* CompletionViewController.swift */ = {isa = PBXFileReference; lastKnownFileType = sourcecode.swift; path = CompletionViewController.swift; sourceTree = "<group>"; };
		CB0D2FD92A641CF300B18C93 /* PickerView.storyboard */ = {isa = PBXFileReference; lastKnownFileType = file.storyboard; path = PickerView.storyboard; sourceTree = "<group>"; };
		CB0D2FDB2A641CFB00B18C93 /* PickerViewController.swift */ = {isa = PBXFileReference; lastKnownFileType = sourcecode.swift; path = PickerViewController.swift; sourceTree = "<group>"; };
		CBA63C352A4FFFAE00DD771B /* Alamofire.storyboard */ = {isa = PBXFileReference; lastKnownFileType = file.storyboard; path = Alamofire.storyboard; sourceTree = "<group>"; };
		CBA63C382A4FFFCA00DD771B /* AlamofireViewController.swift */ = {isa = PBXFileReference; lastKnownFileType = sourcecode.swift; path = AlamofireViewController.swift; sourceTree = "<group>"; };
		CBA63C3A2A50016A00DD771B /* AlamofireRequest.swift */ = {isa = PBXFileReference; lastKnownFileType = sourcecode.swift; path = AlamofireRequest.swift; sourceTree = "<group>"; };
		CBA63C3C2A50017E00DD771B /* AlamofireResponse.swift */ = {isa = PBXFileReference; lastKnownFileType = sourcecode.swift; path = AlamofireResponse.swift; sourceTree = "<group>"; };
		CBA63C3F2A50217000DD771B /* Alert.storyboard */ = {isa = PBXFileReference; lastKnownFileType = file.storyboard; path = Alert.storyboard; sourceTree = "<group>"; };
		CBA63C412A50217800DD771B /* AlertViewController.swift */ = {isa = PBXFileReference; lastKnownFileType = sourcecode.swift; path = AlertViewController.swift; sourceTree = "<group>"; };
		CBA63C442A515F2C00DD771B /* MVVM.storyboard */ = {isa = PBXFileReference; lastKnownFileType = file.storyboard; path = MVVM.storyboard; sourceTree = "<group>"; };
		CBA63C462A515F4500DD771B /* UserProfileViewController.swift */ = {isa = PBXFileReference; lastKnownFileType = sourcecode.swift; path = UserProfileViewController.swift; sourceTree = "<group>"; };
		CBA63C482A515F5200DD771B /* User.swift */ = {isa = PBXFileReference; lastKnownFileType = sourcecode.swift; path = User.swift; sourceTree = "<group>"; };
		CBA63C4A2A515F6000DD771B /* UserViewModel.swift */ = {isa = PBXFileReference; lastKnownFileType = sourcecode.swift; path = UserViewModel.swift; sourceTree = "<group>"; };
		CBA63C4D2A516A7000DD771B /* MVC.storyboard */ = {isa = PBXFileReference; lastKnownFileType = file.storyboard; path = MVC.storyboard; sourceTree = "<group>"; };
		CBA63C4F2A516B7B00DD771B /* MVC_User.swift */ = {isa = PBXFileReference; lastKnownFileType = sourcecode.swift; path = MVC_User.swift; sourceTree = "<group>"; };
		CBA63C512A516BBA00DD771B /* MVC_UserProfileViewController.swift */ = {isa = PBXFileReference; lastKnownFileType = sourcecode.swift; path = MVC_UserProfileViewController.swift; sourceTree = "<group>"; };
		CBA63C532A516C7C00DD771B /* MVC_UserProfileController.swift */ = {isa = PBXFileReference; lastKnownFileType = sourcecode.swift; path = MVC_UserProfileController.swift; sourceTree = "<group>"; };
		CBA63C572A55A84200DD771B /* MVP.storyboard */ = {isa = PBXFileReference; lastKnownFileType = file.storyboard; path = MVP.storyboard; sourceTree = "<group>"; };
		CBA63C592A55A85400DD771B /* MVP_User.swift */ = {isa = PBXFileReference; lastKnownFileType = sourcecode.swift; path = MVP_User.swift; sourceTree = "<group>"; };
		CBA63C5B2A55A86900DD771B /* MVP_UserProfileView.swift */ = {isa = PBXFileReference; lastKnownFileType = sourcecode.swift; path = MVP_UserProfileView.swift; sourceTree = "<group>"; };
		CBA63C5D2A55A87F00DD771B /* MVP_UserProfilePresenter.swift */ = {isa = PBXFileReference; lastKnownFileType = sourcecode.swift; path = MVP_UserProfilePresenter.swift; sourceTree = "<group>"; };
		CBA63C5F2A55A89700DD771B /* MVP_UserProfileViewController.swift */ = {isa = PBXFileReference; lastKnownFileType = sourcecode.swift; path = MVP_UserProfileViewController.swift; sourceTree = "<group>"; };
		CBF59E272A41A2AB00B12F82 /* PracticeSwift.app */ = {isa = PBXFileReference; explicitFileType = wrapper.application; includeInIndex = 0; path = PracticeSwift.app; sourceTree = BUILT_PRODUCTS_DIR; };
		CBF59E2A2A41A2AB00B12F82 /* AppDelegate.swift */ = {isa = PBXFileReference; lastKnownFileType = sourcecode.swift; path = AppDelegate.swift; sourceTree = "<group>"; };
		CBF59E2C2A41A2AB00B12F82 /* SceneDelegate.swift */ = {isa = PBXFileReference; lastKnownFileType = sourcecode.swift; path = SceneDelegate.swift; sourceTree = "<group>"; };
		CBF59E2E2A41A2AB00B12F82 /* ChatViewController.swift */ = {isa = PBXFileReference; lastKnownFileType = sourcecode.swift; path = ChatViewController.swift; sourceTree = "<group>"; };
		CBF59E312A41A2AB00B12F82 /* Base */ = {isa = PBXFileReference; lastKnownFileType = file.storyboard; name = Base; path = Base.lproj/Main.storyboard; sourceTree = "<group>"; };
		CBF59E332A41A2AC00B12F82 /* Assets.xcassets */ = {isa = PBXFileReference; lastKnownFileType = folder.assetcatalog; path = Assets.xcassets; sourceTree = "<group>"; };
		CBF59E362A41A2AC00B12F82 /* Base */ = {isa = PBXFileReference; lastKnownFileType = file.storyboard; name = Base; path = Base.lproj/LaunchScreen.storyboard; sourceTree = "<group>"; };
		CBF59E382A41A2AC00B12F82 /* Info.plist */ = {isa = PBXFileReference; lastKnownFileType = text.plist.xml; path = Info.plist; sourceTree = "<group>"; };
		CBF59E3E2A41A91C00B12F82 /* SocketIOManager.swift */ = {isa = PBXFileReference; lastKnownFileType = sourcecode.swift; path = SocketIOManager.swift; sourceTree = "<group>"; };
		CBF59E422A42F70900B12F82 /* MyMessageCell.swift */ = {isa = PBXFileReference; lastKnownFileType = sourcecode.swift; path = MyMessageCell.swift; sourceTree = "<group>"; };
		CBF59E442A430F8A00B12F82 /* OtherMessageCell.swift */ = {isa = PBXFileReference; lastKnownFileType = sourcecode.swift; path = OtherMessageCell.swift; sourceTree = "<group>"; };
		CBF59E482A44111D00B12F82 /* Storyboard.storyboard */ = {isa = PBXFileReference; lastKnownFileType = file.storyboard; path = Storyboard.storyboard; sourceTree = "<group>"; };
		CBF59E4A2A44146600B12F82 /* ChangeViewController.swift */ = {isa = PBXFileReference; lastKnownFileType = sourcecode.swift; path = ChangeViewController.swift; sourceTree = "<group>"; };
		CBF59E4C2A45554F00B12F82 /* OtherViewController.swift */ = {isa = PBXFileReference; lastKnownFileType = sourcecode.swift; path = OtherViewController.swift; sourceTree = "<group>"; };
		CBF59E4F2A455A7600B12F82 /* Navigation.storyboard */ = {isa = PBXFileReference; lastKnownFileType = file.storyboard; path = Navigation.storyboard; sourceTree = "<group>"; };
		CBF59E512A455E1800B12F82 /* MainViewController.swift */ = {isa = PBXFileReference; lastKnownFileType = sourcecode.swift; path = MainViewController.swift; sourceTree = "<group>"; };
		CBF59E572A47364F00B12F82 /* TableView.storyboard */ = {isa = PBXFileReference; lastKnownFileType = file.storyboard; path = TableView.storyboard; sourceTree = "<group>"; };
		CBF59E5B2A47369100B12F82 /* TableViewCell.swift */ = {isa = PBXFileReference; lastKnownFileType = sourcecode.swift; path = TableViewCell.swift; sourceTree = "<group>"; };
		CBF59E5D2A49C94700B12F82 /* TableViewController.swift */ = {isa = PBXFileReference; lastKnownFileType = sourcecode.swift; path = TableViewController.swift; sourceTree = "<group>"; };
		CBF59E602A4C078900B12F82 /* ScrollView.storyboard */ = {isa = PBXFileReference; lastKnownFileType = file.storyboard; path = ScrollView.storyboard; sourceTree = "<group>"; };
		CBF59E622A4C079A00B12F82 /* ScrollViewController.swift */ = {isa = PBXFileReference; lastKnownFileType = sourcecode.swift; path = ScrollViewController.swift; sourceTree = "<group>"; };
		CBF59E642A4C33B900B12F82 /* OptionalViewController.swift */ = {isa = PBXFileReference; lastKnownFileType = sourcecode.swift; path = OptionalViewController.swift; sourceTree = "<group>"; };
		CBF59E682A4EA40D00B12F82 /* URLSessionAPI.storyboard */ = {isa = PBXFileReference; lastKnownFileType = file.storyboard; path = URLSessionAPI.storyboard; sourceTree = "<group>"; };
		CBF59E6E2A4EABD800B12F82 /* ApiViewController.swift */ = {isa = PBXFileReference; lastKnownFileType = sourcecode.swift; path = ApiViewController.swift; sourceTree = "<group>"; };
		E47C0C652E349E479A286D7D /* Pods-PracticeSwift.release.xcconfig */ = {isa = PBXFileReference; includeInIndex = 1; lastKnownFileType = text.xcconfig; name = "Pods-PracticeSwift.release.xcconfig"; path = "Target Support Files/Pods-PracticeSwift/Pods-PracticeSwift.release.xcconfig"; sourceTree = "<group>"; };
/* End PBXFileReference section */

/* Begin PBXFrameworksBuildPhase section */
		CBF59E242A41A2AB00B12F82 /* Frameworks */ = {
			isa = PBXFrameworksBuildPhase;
			buildActionMask = 2147483647;
			files = (
				31B8F07522BD044FC6F0C0CF /* Pods_PracticeSwift.framework in Frameworks */,
			);
			runOnlyForDeploymentPostprocessing = 0;
		};
/* End PBXFrameworksBuildPhase section */

/* Begin PBXGroup section */
		0408860D4AD9F155F21F3F20 /* Frameworks */ = {
			isa = PBXGroup;
			children = (
				77C1947A08ADD13AE46B968E /* Pods_PracticeSwift.framework */,
			);
			name = Frameworks;
			sourceTree = "<group>";
		};
		CB0D2FB32A593F4700B18C93 /* Singleton */ = {
			isa = PBXGroup;
			children = (
				CB0D2FB42A593F5500B18C93 /* Singleton.storyboard */,
				CB0D2FB62A593F6000B18C93 /* SingletonViewController.swift */,
			);
			path = Singleton;
			sourceTree = "<group>";
		};
		CB0D2FB82A59489000B18C93 /* Builder */ = {
			isa = PBXGroup;
			children = (
				CB0D2FB92A5948A000B18C93 /* BuilderPatternViewController.swift */,
				CB0D2FBD2A594A2C00B18C93 /* BuilderPattern.storyboard */,
			);
			path = Builder;
			sourceTree = "<group>";
		};
		CB0D2FBF2A5A8F7500B18C93 /* QuickHelp */ = {
			isa = PBXGroup;
			children = (
				CB0D2FC02A5A8F8600B18C93 /* QuickHelp.storyboard */,
				CB0D2FC22A5A8F9100B18C93 /* QuickHelpViewController.swift */,
			);
			path = QuickHelp;
			sourceTree = "<group>";
		};
		CB0D2FC42A5BD5A100B18C93 /* DependencyInjection */ = {
			isa = PBXGroup;
			children = (
				CB0D2FC52A5BD5BE00B18C93 /* Dependency.storyboard */,
				CB0D2FC72A5BD5CB00B18C93 /* DependencyViewController.swift */,
				CB0D2FC92A5BD97E00B18C93 /* Dependency.playground */,
			);
			path = DependencyInjection;
			sourceTree = "<group>";
		};
		CB0D2FCA2A5D37F400B18C93 /* HigherOrderFunction */ = {
			isa = PBXGroup;
			children = (
				CB0D2FCB2A5D381400B18C93 /* HigherOrderFunction.playground */,
			);
			path = HigherOrderFunction;
			sourceTree = "<group>";
		};
		CB0D2FCC2A5FF51000B18C93 /* Sort */ = {
			isa = PBXGroup;
			children = (
				CB0D2FCD2A5FF51900B18C93 /* Sort.playground */,
			);
			path = Sort;
			sourceTree = "<group>";
		};
		CB0D2FCE2A613C8200B18C93 /* Async_Await */ = {
			isa = PBXGroup;
			children = (
				CB0D2FCF2A613CB000B18C93 /* Async.storyboard */,
				CB0D2FD12A613CBA00B18C93 /* AsyncViewController.swift */,
			);
			path = Async_Await;
			sourceTree = "<group>";
		};
		CB0D2FD32A6277B300B18C93 /* CompletionHandler */ = {
			isa = PBXGroup;
			children = (
				CB0D2FD42A6277C600B18C93 /* CompletionHandler.storyboard */,
				CB0D2FD62A6277D100B18C93 /* CompletionViewController.swift */,
			);
			path = CompletionHandler;
			sourceTree = "<group>";
		};
		CB0D2FD82A641CE500B18C93 /* PickerView */ = {
			isa = PBXGroup;
			children = (
				CB0D2FD92A641CF300B18C93 /* PickerView.storyboard */,
				CB0D2FDB2A641CFB00B18C93 /* PickerViewController.swift */,
			);
			path = PickerView;
			sourceTree = "<group>";
		};
		CBA63C372A4FFFB800DD771B /* Alamofire */ = {
			isa = PBXGroup;
			children = (
				CBA63C352A4FFFAE00DD771B /* Alamofire.storyboard */,
				CBA63C382A4FFFCA00DD771B /* AlamofireViewController.swift */,
				CBA63C3A2A50016A00DD771B /* AlamofireRequest.swift */,
				CBA63C3C2A50017E00DD771B /* AlamofireResponse.swift */,
			);
			path = Alamofire;
			sourceTree = "<group>";
		};
		CBA63C3E2A50215D00DD771B /* Alert */ = {
			isa = PBXGroup;
			children = (
				CBA63C3F2A50217000DD771B /* Alert.storyboard */,
				CBA63C412A50217800DD771B /* AlertViewController.swift */,
			);
			path = Alert;
			sourceTree = "<group>";
		};
		CBA63C432A515F0B00DD771B /* MVVM */ = {
			isa = PBXGroup;
			children = (
				CBA63C442A515F2C00DD771B /* MVVM.storyboard */,
				CBA63C462A515F4500DD771B /* UserProfileViewController.swift */,
				CBA63C482A515F5200DD771B /* User.swift */,
				CBA63C4A2A515F6000DD771B /* UserViewModel.swift */,
			);
			path = MVVM;
			sourceTree = "<group>";
		};
		CBA63C4C2A516A6000DD771B /* MVC */ = {
			isa = PBXGroup;
			children = (
				CBA63C4D2A516A7000DD771B /* MVC.storyboard */,
				CBA63C4F2A516B7B00DD771B /* MVC_User.swift */,
				CBA63C512A516BBA00DD771B /* MVC_UserProfileViewController.swift */,
				CBA63C532A516C7C00DD771B /* MVC_UserProfileController.swift */,
			);
			path = MVC;
			sourceTree = "<group>";
		};
		CBA63C562A55A83500DD771B /* MVP */ = {
			isa = PBXGroup;
			children = (
				CBA63C572A55A84200DD771B /* MVP.storyboard */,
				CBA63C5D2A55A87F00DD771B /* MVP_UserProfilePresenter.swift */,
				CBA63C592A55A85400DD771B /* MVP_User.swift */,
				CBA63C5B2A55A86900DD771B /* MVP_UserProfileView.swift */,
				CBA63C5F2A55A89700DD771B /* MVP_UserProfileViewController.swift */,
			);
			path = MVP;
			sourceTree = "<group>";
		};
		CBF59E1E2A41A2AB00B12F82 = {
			isa = PBXGroup;
			children = (
				CBF59E292A41A2AB00B12F82 /* PracticeSwift */,
				CBF59E282A41A2AB00B12F82 /* Products */,
				E8494688B02C7719A79C3D47 /* Pods */,
				0408860D4AD9F155F21F3F20 /* Frameworks */,
			);
			sourceTree = "<group>";
		};
		CBF59E282A41A2AB00B12F82 /* Products */ = {
			isa = PBXGroup;
			children = (
				CBF59E272A41A2AB00B12F82 /* PracticeSwift.app */,
			);
			name = Products;
			sourceTree = "<group>";
		};
		CBF59E292A41A2AB00B12F82 /* PracticeSwift */ = {
			isa = PBXGroup;
			children = (
				CB0D2FD82A641CE500B18C93 /* PickerView */,
				CB0D2FD32A6277B300B18C93 /* CompletionHandler */,
				CB0D2FCE2A613C8200B18C93 /* Async_Await */,
				CB0D2FCC2A5FF51000B18C93 /* Sort */,
				CB0D2FCA2A5D37F400B18C93 /* HigherOrderFunction */,
				CB0D2FC42A5BD5A100B18C93 /* DependencyInjection */,
				CB0D2FBF2A5A8F7500B18C93 /* QuickHelp */,
				CB0D2FB82A59489000B18C93 /* Builder */,
				CB0D2FB32A593F4700B18C93 /* Singleton */,
				CBA63C562A55A83500DD771B /* MVP */,
				CBA63C4C2A516A6000DD771B /* MVC */,
				CBA63C432A515F0B00DD771B /* MVVM */,
				CBA63C3E2A50215D00DD771B /* Alert */,
				CBA63C372A4FFFB800DD771B /* Alamofire */,
				CBF59E672A4EA3F300B12F82 /* URLSessionAPI */,
				CBF59E662A4C33C000B12F82 /* Optional */,
				CBF59E5F2A4C077200B12F82 /* ScrollVIew */,
				CBF59E562A47364000B12F82 /* TableView */,
				CBF59E4E2A455A5B00B12F82 /* NavigationController */,
				CBF59E472A4410DD00B12F82 /* Present */,
				CBF59E462A4410C100B12F82 /* SocketIO */,
				CBF59E2A2A41A2AB00B12F82 /* AppDelegate.swift */,
				CBF59E2C2A41A2AB00B12F82 /* SceneDelegate.swift */,
				CBF59E332A41A2AC00B12F82 /* Assets.xcassets */,
				CBF59E352A41A2AC00B12F82 /* LaunchScreen.storyboard */,
				CBF59E382A41A2AC00B12F82 /* Info.plist */,
			);
			path = PracticeSwift;
			sourceTree = "<group>";
		};
		CBF59E462A4410C100B12F82 /* SocketIO */ = {
			isa = PBXGroup;
			children = (
				CBF59E2E2A41A2AB00B12F82 /* ChatViewController.swift */,
				CBF59E3E2A41A91C00B12F82 /* SocketIOManager.swift */,
				CBF59E422A42F70900B12F82 /* MyMessageCell.swift */,
				CBF59E442A430F8A00B12F82 /* OtherMessageCell.swift */,
				CBF59E302A41A2AB00B12F82 /* Main.storyboard */,
			);
			path = SocketIO;
			sourceTree = "<group>";
		};
		CBF59E472A4410DD00B12F82 /* Present */ = {
			isa = PBXGroup;
			children = (
				CBF59E482A44111D00B12F82 /* Storyboard.storyboard */,
				CBF59E4A2A44146600B12F82 /* ChangeViewController.swift */,
				CBF59E4C2A45554F00B12F82 /* OtherViewController.swift */,
			);
			path = Present;
			sourceTree = "<group>";
		};
		CBF59E4E2A455A5B00B12F82 /* NavigationController */ = {
			isa = PBXGroup;
			children = (
				CBF59E4F2A455A7600B12F82 /* Navigation.storyboard */,
				CBF59E512A455E1800B12F82 /* MainViewController.swift */,
			);
			path = NavigationController;
			sourceTree = "<group>";
		};
		CBF59E562A47364000B12F82 /* TableView */ = {
			isa = PBXGroup;
			children = (
				CBF59E572A47364F00B12F82 /* TableView.storyboard */,
				CBF59E5B2A47369100B12F82 /* TableViewCell.swift */,
				CBF59E5D2A49C94700B12F82 /* TableViewController.swift */,
			);
			path = TableView;
			sourceTree = "<group>";
		};
		CBF59E5F2A4C077200B12F82 /* ScrollVIew */ = {
			isa = PBXGroup;
			children = (
				CBF59E602A4C078900B12F82 /* ScrollView.storyboard */,
				CBF59E622A4C079A00B12F82 /* ScrollViewController.swift */,
			);
			path = ScrollVIew;
			sourceTree = "<group>";
		};
		CBF59E662A4C33C000B12F82 /* Optional */ = {
			isa = PBXGroup;
			children = (
				CBF59E642A4C33B900B12F82 /* OptionalViewController.swift */,
			);
			path = Optional;
			sourceTree = "<group>";
		};
		CBF59E672A4EA3F300B12F82 /* URLSessionAPI */ = {
			isa = PBXGroup;
			children = (
				CBF59E682A4EA40D00B12F82 /* URLSessionAPI.storyboard */,
				CBF59E6E2A4EABD800B12F82 /* ApiViewController.swift */,
			);
			path = URLSessionAPI;
			sourceTree = "<group>";
		};
		E8494688B02C7719A79C3D47 /* Pods */ = {
			isa = PBXGroup;
			children = (
				66D67B2E974E3060DD1BAAA3 /* Pods-PracticeSwift.debug.xcconfig */,
				E47C0C652E349E479A286D7D /* Pods-PracticeSwift.release.xcconfig */,
			);
			path = Pods;
			sourceTree = "<group>";
		};
/* End PBXGroup section */

/* Begin PBXNativeTarget section */
		CBF59E262A41A2AB00B12F82 /* PracticeSwift */ = {
			isa = PBXNativeTarget;
			buildConfigurationList = CBF59E3B2A41A2AC00B12F82 /* Build configuration list for PBXNativeTarget "PracticeSwift" */;
			buildPhases = (
				03BBA0506A023535CC84184B /* [CP] Check Pods Manifest.lock */,
				CBF59E232A41A2AB00B12F82 /* Sources */,
				CBF59E242A41A2AB00B12F82 /* Frameworks */,
				CBF59E252A41A2AB00B12F82 /* Resources */,
				52163595F37A1E3FABE55B0D /* [CP] Embed Pods Frameworks */,
			);
			buildRules = (
			);
			dependencies = (
			);
			name = PracticeSwift;
			productName = PracticeSwift;
			productReference = CBF59E272A41A2AB00B12F82 /* PracticeSwift.app */;
			productType = "com.apple.product-type.application";
		};
/* End PBXNativeTarget section */

/* Begin PBXProject section */
		CBF59E1F2A41A2AB00B12F82 /* Project object */ = {
			isa = PBXProject;
			attributes = {
				BuildIndependentTargetsInParallel = 1;
				LastSwiftUpdateCheck = 1430;
				LastUpgradeCheck = 1430;
				TargetAttributes = {
					CBF59E262A41A2AB00B12F82 = {
						CreatedOnToolsVersion = 14.3.1;
					};
				};
			};
			buildConfigurationList = CBF59E222A41A2AB00B12F82 /* Build configuration list for PBXProject "PracticeSwift" */;
			compatibilityVersion = "Xcode 14.0";
			developmentRegion = en;
			hasScannedForEncodings = 0;
			knownRegions = (
				en,
				Base,
			);
			mainGroup = CBF59E1E2A41A2AB00B12F82;
			productRefGroup = CBF59E282A41A2AB00B12F82 /* Products */;
			projectDirPath = "";
			projectRoot = "";
			targets = (
				CBF59E262A41A2AB00B12F82 /* PracticeSwift */,
			);
		};
/* End PBXProject section */

/* Begin PBXResourcesBuildPhase section */
		CBF59E252A41A2AB00B12F82 /* Resources */ = {
			isa = PBXResourcesBuildPhase;
			buildActionMask = 2147483647;
			files = (
				CBF59E372A41A2AC00B12F82 /* LaunchScreen.storyboard in Resources */,
				CB0D2FD02A613CB000B18C93 /* Async.storyboard in Resources */,
				CB0D2FC12A5A8F8600B18C93 /* QuickHelp.storyboard in Resources */,
				CBA63C402A50217000DD771B /* Alert.storyboard in Resources */,
				CB0D2FB52A593F5500B18C93 /* Singleton.storyboard in Resources */,
				CBF59E692A4EA40D00B12F82 /* URLSessionAPI.storyboard in Resources */,
				CBF59E492A44111D00B12F82 /* Storyboard.storyboard in Resources */,
				CBA63C362A4FFFAE00DD771B /* Alamofire.storyboard in Resources */,
				CBA63C452A515F2C00DD771B /* MVVM.storyboard in Resources */,
				CBF59E502A455A7600B12F82 /* Navigation.storyboard in Resources */,
				CBA63C4E2A516A7000DD771B /* MVC.storyboard in Resources */,
				CB0D2FD52A6277C600B18C93 /* CompletionHandler.storyboard in Resources */,
				CBA63C582A55A84300DD771B /* MVP.storyboard in Resources */,
				CB0D2FBE2A594A2C00B18C93 /* BuilderPattern.storyboard in Resources */,
				CBF59E342A41A2AC00B12F82 /* Assets.xcassets in Resources */,
				CBF59E322A41A2AB00B12F82 /* Main.storyboard in Resources */,
				CBF59E582A47364F00B12F82 /* TableView.storyboard in Resources */,
				CB0D2FDA2A641CF300B18C93 /* PickerView.storyboard in Resources */,
				CB0D2FC62A5BD5BE00B18C93 /* Dependency.storyboard in Resources */,
				CBF59E612A4C078900B12F82 /* ScrollView.storyboard in Resources */,
			);
			runOnlyForDeploymentPostprocessing = 0;
		};
/* End PBXResourcesBuildPhase section */

/* Begin PBXShellScriptBuildPhase section */
		03BBA0506A023535CC84184B /* [CP] Check Pods Manifest.lock */ = {
			isa = PBXShellScriptBuildPhase;
			buildActionMask = 2147483647;
			files = (
			);
			inputFileListPaths = (
			);
			inputPaths = (
				"${PODS_PODFILE_DIR_PATH}/Podfile.lock",
				"${PODS_ROOT}/Manifest.lock",
			);
			name = "[CP] Check Pods Manifest.lock";
			outputFileListPaths = (
			);
			outputPaths = (
				"$(DERIVED_FILE_DIR)/Pods-PracticeSwift-checkManifestLockResult.txt",
			);
			runOnlyForDeploymentPostprocessing = 0;
			shellPath = /bin/sh;
			shellScript = "diff \"${PODS_PODFILE_DIR_PATH}/Podfile.lock\" \"${PODS_ROOT}/Manifest.lock\" > /dev/null\nif [ $? != 0 ] ; then\n    # print error to STDERR\n    echo \"error: The sandbox is not in sync with the Podfile.lock. Run 'pod install' or update your CocoaPods installation.\" >&2\n    exit 1\nfi\n# This output is used by Xcode 'outputs' to avoid re-running this script phase.\necho \"SUCCESS\" > \"${SCRIPT_OUTPUT_FILE_0}\"\n";
			showEnvVarsInLog = 0;
		};
		52163595F37A1E3FABE55B0D /* [CP] Embed Pods Frameworks */ = {
			isa = PBXShellScriptBuildPhase;
			buildActionMask = 2147483647;
			files = (
			);
			inputFileListPaths = (
				"${PODS_ROOT}/Target Support Files/Pods-PracticeSwift/Pods-PracticeSwift-frameworks-${CONFIGURATION}-input-files.xcfilelist",
			);
			name = "[CP] Embed Pods Frameworks";
			outputFileListPaths = (
				"${PODS_ROOT}/Target Support Files/Pods-PracticeSwift/Pods-PracticeSwift-frameworks-${CONFIGURATION}-output-files.xcfilelist",
			);
			runOnlyForDeploymentPostprocessing = 0;
			shellPath = /bin/sh;
			shellScript = "\"${PODS_ROOT}/Target Support Files/Pods-PracticeSwift/Pods-PracticeSwift-frameworks.sh\"\n";
			showEnvVarsInLog = 0;
		};
/* End PBXShellScriptBuildPhase section */

/* Begin PBXSourcesBuildPhase section */
		CBF59E232A41A2AB00B12F82 /* Sources */ = {
			isa = PBXSourcesBuildPhase;
			buildActionMask = 2147483647;
			files = (
				CBF59E4B2A44146600B12F82 /* ChangeViewController.swift in Sources */,
				CBA63C5C2A55A86900DD771B /* MVP_UserProfileView.swift in Sources */,
				CBF59E452A430F8A00B12F82 /* OtherMessageCell.swift in Sources */,
				CBA63C542A516C7C00DD771B /* MVC_UserProfileController.swift in Sources */,
				CB0D2FD72A6277D100B18C93 /* CompletionViewController.swift in Sources */,
				CB0D2FDC2A641CFB00B18C93 /* PickerViewController.swift in Sources */,
				CB0D2FC32A5A8F9100B18C93 /* QuickHelpViewController.swift in Sources */,
				CBA63C472A515F4500DD771B /* UserProfileViewController.swift in Sources */,
				CB0D2FBA2A5948A000B18C93 /* BuilderPatternViewController.swift in Sources */,
				CBF59E432A42F70900B12F82 /* MyMessageCell.swift in Sources */,
				CBA63C5A2A55A85400DD771B /* MVP_User.swift in Sources */,
				CBA63C5E2A55A87F00DD771B /* MVP_UserProfilePresenter.swift in Sources */,
				CB0D2FB72A593F6000B18C93 /* SingletonViewController.swift in Sources */,
				CBF59E3F2A41A91C00B12F82 /* SocketIOManager.swift in Sources */,
				CBA63C502A516B7B00DD771B /* MVC_User.swift in Sources */,
				CBF59E2F2A41A2AB00B12F82 /* ChatViewController.swift in Sources */,
				CBF59E5C2A47369100B12F82 /* TableViewCell.swift in Sources */,
				CBF59E5E2A49C94700B12F82 /* TableViewController.swift in Sources */,
				CBA63C492A515F5200DD771B /* User.swift in Sources */,
				CBF59E632A4C079A00B12F82 /* ScrollViewController.swift in Sources */,
				CBF59E4D2A45554F00B12F82 /* OtherViewController.swift in Sources */,
				CBA63C522A516BBA00DD771B /* MVC_UserProfileViewController.swift in Sources */,
				CBF59E522A455E1800B12F82 /* MainViewController.swift in Sources */,
				CBA63C3B2A50016A00DD771B /* AlamofireRequest.swift in Sources */,
				CBA63C392A4FFFCA00DD771B /* AlamofireViewController.swift in Sources */,
				CB0D2FC82A5BD5CB00B18C93 /* DependencyViewController.swift in Sources */,
				CB0D2FD22A613CBA00B18C93 /* AsyncViewController.swift in Sources */,
				CBA63C3D2A50017E00DD771B /* AlamofireResponse.swift in Sources */,
				CBA63C422A50217800DD771B /* AlertViewController.swift in Sources */,
				CBF59E2B2A41A2AB00B12F82 /* AppDelegate.swift in Sources */,
				CBF59E6F2A4EABD800B12F82 /* ApiViewController.swift in Sources */,
				CBF59E652A4C33B900B12F82 /* OptionalViewController.swift in Sources */,
				CBA63C4B2A515F6000DD771B /* UserViewModel.swift in Sources */,
				CBF59E2D2A41A2AB00B12F82 /* SceneDelegate.swift in Sources */,
				CBA63C602A55A89700DD771B /* MVP_UserProfileViewController.swift in Sources */,
			);
			runOnlyForDeploymentPostprocessing = 0;
		};
/* End PBXSourcesBuildPhase section */

/* Begin PBXVariantGroup section */
		CBF59E302A41A2AB00B12F82 /* Main.storyboard */ = {
			isa = PBXVariantGroup;
			children = (
				CBF59E312A41A2AB00B12F82 /* Base */,
			);
			name = Main.storyboard;
			sourceTree = "<group>";
		};
		CBF59E352A41A2AC00B12F82 /* LaunchScreen.storyboard */ = {
			isa = PBXVariantGroup;
			children = (
				CBF59E362A41A2AC00B12F82 /* Base */,
			);
			name = LaunchScreen.storyboard;
			sourceTree = "<group>";
		};
/* End PBXVariantGroup section */

/* Begin XCBuildConfiguration section */
		CBF59E392A41A2AC00B12F82 /* Debug */ = {
			isa = XCBuildConfiguration;
			buildSettings = {
				ALWAYS_SEARCH_USER_PATHS = NO;
				CLANG_ANALYZER_NONNULL = YES;
				CLANG_ANALYZER_NUMBER_OBJECT_CONVERSION = YES_AGGRESSIVE;
				CLANG_CXX_LANGUAGE_STANDARD = "gnu++20";
				CLANG_ENABLE_MODULES = YES;
				CLANG_ENABLE_OBJC_ARC = YES;
				CLANG_ENABLE_OBJC_WEAK = YES;
				CLANG_WARN_BLOCK_CAPTURE_AUTORELEASING = YES;
				CLANG_WARN_BOOL_CONVERSION = YES;
				CLANG_WARN_COMMA = YES;
				CLANG_WARN_CONSTANT_CONVERSION = YES;
				CLANG_WARN_DEPRECATED_OBJC_IMPLEMENTATIONS = YES;
				CLANG_WARN_DIRECT_OBJC_ISA_USAGE = YES_ERROR;
				CLANG_WARN_DOCUMENTATION_COMMENTS = YES;
				CLANG_WARN_EMPTY_BODY = YES;
				CLANG_WARN_ENUM_CONVERSION = YES;
				CLANG_WARN_INFINITE_RECURSION = YES;
				CLANG_WARN_INT_CONVERSION = YES;
				CLANG_WARN_NON_LITERAL_NULL_CONVERSION = YES;
				CLANG_WARN_OBJC_IMPLICIT_RETAIN_SELF = YES;
				CLANG_WARN_OBJC_LITERAL_CONVERSION = YES;
				CLANG_WARN_OBJC_ROOT_CLASS = YES_ERROR;
				CLANG_WARN_QUOTED_INCLUDE_IN_FRAMEWORK_HEADER = YES;
				CLANG_WARN_RANGE_LOOP_ANALYSIS = YES;
				CLANG_WARN_STRICT_PROTOTYPES = YES;
				CLANG_WARN_SUSPICIOUS_MOVE = YES;
				CLANG_WARN_UNGUARDED_AVAILABILITY = YES_AGGRESSIVE;
				CLANG_WARN_UNREACHABLE_CODE = YES;
				CLANG_WARN__DUPLICATE_METHOD_MATCH = YES;
				COPY_PHASE_STRIP = NO;
				DEBUG_INFORMATION_FORMAT = dwarf;
				ENABLE_STRICT_OBJC_MSGSEND = YES;
				ENABLE_TESTABILITY = YES;
				GCC_C_LANGUAGE_STANDARD = gnu11;
				GCC_DYNAMIC_NO_PIC = NO;
				GCC_NO_COMMON_BLOCKS = YES;
				GCC_OPTIMIZATION_LEVEL = 0;
				GCC_PREPROCESSOR_DEFINITIONS = (
					"DEBUG=1",
					"$(inherited)",
				);
				GCC_WARN_64_TO_32_BIT_CONVERSION = YES;
				GCC_WARN_ABOUT_RETURN_TYPE = YES_ERROR;
				GCC_WARN_UNDECLARED_SELECTOR = YES;
				GCC_WARN_UNINITIALIZED_AUTOS = YES_AGGRESSIVE;
				GCC_WARN_UNUSED_FUNCTION = YES;
				GCC_WARN_UNUSED_VARIABLE = YES;
				IPHONEOS_DEPLOYMENT_TARGET = 16.4;
				MTL_ENABLE_DEBUG_INFO = INCLUDE_SOURCE;
				MTL_FAST_MATH = YES;
				ONLY_ACTIVE_ARCH = YES;
				SDKROOT = iphoneos;
				SWIFT_ACTIVE_COMPILATION_CONDITIONS = DEBUG;
				SWIFT_OPTIMIZATION_LEVEL = "-Onone";
			};
			name = Debug;
		};
		CBF59E3A2A41A2AC00B12F82 /* Release */ = {
			isa = XCBuildConfiguration;
			buildSettings = {
				ALWAYS_SEARCH_USER_PATHS = NO;
				CLANG_ANALYZER_NONNULL = YES;
				CLANG_ANALYZER_NUMBER_OBJECT_CONVERSION = YES_AGGRESSIVE;
				CLANG_CXX_LANGUAGE_STANDARD = "gnu++20";
				CLANG_ENABLE_MODULES = YES;
				CLANG_ENABLE_OBJC_ARC = YES;
				CLANG_ENABLE_OBJC_WEAK = YES;
				CLANG_WARN_BLOCK_CAPTURE_AUTORELEASING = YES;
				CLANG_WARN_BOOL_CONVERSION = YES;
				CLANG_WARN_COMMA = YES;
				CLANG_WARN_CONSTANT_CONVERSION = YES;
				CLANG_WARN_DEPRECATED_OBJC_IMPLEMENTATIONS = YES;
				CLANG_WARN_DIRECT_OBJC_ISA_USAGE = YES_ERROR;
				CLANG_WARN_DOCUMENTATION_COMMENTS = YES;
				CLANG_WARN_EMPTY_BODY = YES;
				CLANG_WARN_ENUM_CONVERSION = YES;
				CLANG_WARN_INFINITE_RECURSION = YES;
				CLANG_WARN_INT_CONVERSION = YES;
				CLANG_WARN_NON_LITERAL_NULL_CONVERSION = YES;
				CLANG_WARN_OBJC_IMPLICIT_RETAIN_SELF = YES;
				CLANG_WARN_OBJC_LITERAL_CONVERSION = YES;
				CLANG_WARN_OBJC_ROOT_CLASS = YES_ERROR;
				CLANG_WARN_QUOTED_INCLUDE_IN_FRAMEWORK_HEADER = YES;
				CLANG_WARN_RANGE_LOOP_ANALYSIS = YES;
				CLANG_WARN_STRICT_PROTOTYPES = YES;
				CLANG_WARN_SUSPICIOUS_MOVE = YES;
				CLANG_WARN_UNGUARDED_AVAILABILITY = YES_AGGRESSIVE;
				CLANG_WARN_UNREACHABLE_CODE = YES;
				CLANG_WARN__DUPLICATE_METHOD_MATCH = YES;
				COPY_PHASE_STRIP = NO;
				DEBUG_INFORMATION_FORMAT = "dwarf-with-dsym";
				ENABLE_NS_ASSERTIONS = NO;
				ENABLE_STRICT_OBJC_MSGSEND = YES;
				GCC_C_LANGUAGE_STANDARD = gnu11;
				GCC_NO_COMMON_BLOCKS = YES;
				GCC_WARN_64_TO_32_BIT_CONVERSION = YES;
				GCC_WARN_ABOUT_RETURN_TYPE = YES_ERROR;
				GCC_WARN_UNDECLARED_SELECTOR = YES;
				GCC_WARN_UNINITIALIZED_AUTOS = YES_AGGRESSIVE;
				GCC_WARN_UNUSED_FUNCTION = YES;
				GCC_WARN_UNUSED_VARIABLE = YES;
				IPHONEOS_DEPLOYMENT_TARGET = 16.4;
				MTL_ENABLE_DEBUG_INFO = NO;
				MTL_FAST_MATH = YES;
				SDKROOT = iphoneos;
				SWIFT_COMPILATION_MODE = wholemodule;
				SWIFT_OPTIMIZATION_LEVEL = "-O";
				VALIDATE_PRODUCT = YES;
			};
			name = Release;
		};
		CBF59E3C2A41A2AC00B12F82 /* Debug */ = {
			isa = XCBuildConfiguration;
			baseConfigurationReference = 66D67B2E974E3060DD1BAAA3 /* Pods-PracticeSwift.debug.xcconfig */;
			buildSettings = {
				ASSETCATALOG_COMPILER_APPICON_NAME = AppIcon;
				ASSETCATALOG_COMPILER_GLOBAL_ACCENT_COLOR_NAME = AccentColor;
				CODE_SIGN_STYLE = Automatic;
				CURRENT_PROJECT_VERSION = 1;
				GENERATE_INFOPLIST_FILE = YES;
				INFOPLIST_FILE = PracticeSwift/Info.plist;
				INFOPLIST_KEY_UIApplicationSupportsIndirectInputEvents = YES;
				INFOPLIST_KEY_UILaunchStoryboardName = LaunchScreen;
				INFOPLIST_KEY_UIMainStoryboardFile = Main;
				INFOPLIST_KEY_UIStatusBarStyle = "";
				INFOPLIST_KEY_UISupportedInterfaceOrientations_iPad = "UIInterfaceOrientationPortrait UIInterfaceOrientationPortraitUpsideDown UIInterfaceOrientationLandscapeLeft UIInterfaceOrientationLandscapeRight";
				INFOPLIST_KEY_UISupportedInterfaceOrientations_iPhone = "UIInterfaceOrientationPortrait UIInterfaceOrientationLandscapeLeft UIInterfaceOrientationLandscapeRight";
				LD_RUNPATH_SEARCH_PATHS = (
					"$(inherited)",
					"@executable_path/Frameworks",
				);
				MARKETING_VERSION = 1.0;
				PRODUCT_BUNDLE_IDENTIFIER = kr.ac.indck.hyun.PracticeSwift;
				PRODUCT_NAME = "$(TARGET_NAME)";
				SWIFT_EMIT_LOC_STRINGS = YES;
				SWIFT_VERSION = 5.0;
				TARGETED_DEVICE_FAMILY = "1,2";
			};
			name = Debug;
		};
		CBF59E3D2A41A2AC00B12F82 /* Release */ = {
			isa = XCBuildConfiguration;
			baseConfigurationReference = E47C0C652E349E479A286D7D /* Pods-PracticeSwift.release.xcconfig */;
			buildSettings = {
				ASSETCATALOG_COMPILER_APPICON_NAME = AppIcon;
				ASSETCATALOG_COMPILER_GLOBAL_ACCENT_COLOR_NAME = AccentColor;
				CODE_SIGN_STYLE = Automatic;
				CURRENT_PROJECT_VERSION = 1;
				GENERATE_INFOPLIST_FILE = YES;
				INFOPLIST_FILE = PracticeSwift/Info.plist;
				INFOPLIST_KEY_UIApplicationSupportsIndirectInputEvents = YES;
				INFOPLIST_KEY_UILaunchStoryboardName = LaunchScreen;
				INFOPLIST_KEY_UIMainStoryboardFile = Main;
				INFOPLIST_KEY_UIStatusBarStyle = "";
				INFOPLIST_KEY_UISupportedInterfaceOrientations_iPad = "UIInterfaceOrientationPortrait UIInterfaceOrientationPortraitUpsideDown UIInterfaceOrientationLandscapeLeft UIInterfaceOrientationLandscapeRight";
				INFOPLIST_KEY_UISupportedInterfaceOrientations_iPhone = "UIInterfaceOrientationPortrait UIInterfaceOrientationLandscapeLeft UIInterfaceOrientationLandscapeRight";
				LD_RUNPATH_SEARCH_PATHS = (
					"$(inherited)",
					"@executable_path/Frameworks",
				);
				MARKETING_VERSION = 1.0;
				PRODUCT_BUNDLE_IDENTIFIER = kr.ac.indck.hyun.PracticeSwift;
				PRODUCT_NAME = "$(TARGET_NAME)";
				SWIFT_EMIT_LOC_STRINGS = YES;
				SWIFT_VERSION = 5.0;
				TARGETED_DEVICE_FAMILY = "1,2";
			};
			name = Release;
		};
/* End XCBuildConfiguration section */

/* Begin XCConfigurationList section */
		CBF59E222A41A2AB00B12F82 /* Build configuration list for PBXProject "PracticeSwift" */ = {
			isa = XCConfigurationList;
			buildConfigurations = (
				CBF59E392A41A2AC00B12F82 /* Debug */,
				CBF59E3A2A41A2AC00B12F82 /* Release */,
			);
			defaultConfigurationIsVisible = 0;
			defaultConfigurationName = Release;
		};
		CBF59E3B2A41A2AC00B12F82 /* Build configuration list for PBXNativeTarget "PracticeSwift" */ = {
			isa = XCConfigurationList;
			buildConfigurations = (
				CBF59E3C2A41A2AC00B12F82 /* Debug */,
				CBF59E3D2A41A2AC00B12F82 /* Release */,
			);
			defaultConfigurationIsVisible = 0;
			defaultConfigurationName = Release;
		};
/* End XCConfigurationList section */
	};
	rootObject = CBF59E1F2A41A2AB00B12F82 /* Project object */;
}
